
Microsoft Visual Studio Solution File, Format Version 12.00
# Visual Studio Version 17
VisualStudioVersion = 17.13.35931.197 d17.13
MinimumVisualStudioVersion = 10.0.40219.1
Project("{FAE04EC0-301F-11D3-BF4B-00C04F79EFBC}") = "UWP Contacts", "UWP Contacts\UWP Contacts.csproj", "{795D7637-8B71-41A6-A5F6-31BF51CB6B32}"
EndProject
Project("{FAE04EC0-301F-11D3-BF4B-00C04F79EFBC}") = "UWP Contacts.Tests.MSTest", "UWP Contacts.Tests.MSTest\UWP Contacts.Tests.MSTest.csproj", "{B0DC996D-E956-4DF8-B3CB-A3BA2B9747B9}"
EndProject
Project("{FAE04EC0-301F-11D3-BF4B-00C04F79EFBC}") = "UWP Contacts.Core", "UWP Contacts.Core\UWP Contacts.Core.csproj", "{C8DB91FD-8A00-C1A9-A9F1-FB87800FB8F3}"
EndProject
Global
	GlobalSection(SolutionConfigurationPlatforms) = preSolution
		Debug|ARM = Debug|ARM
		Debug|ARM64 = Debug|ARM64
		Debug|x64 = Debug|x64
		Debug|x86 = Debug|x86
		Release|ARM = Release|ARM
		Release|ARM64 = Release|ARM64
		Release|x64 = Release|x64
		Release|x86 = Release|x86
	EndGlobalSection
	GlobalSection(ProjectConfigurationPlatforms) = postSolution
		{795D7637-8B71-41A6-A5F6-31BF51CB6B32}.Debug|ARM.ActiveCfg = Debug|ARM
		{795D7637-8B71-41A6-A5F6-31BF51CB6B32}.Debug|ARM.Build.0 = Debug|ARM
		{795D7637-8B71-41A6-A5F6-31BF51CB6B32}.Debug|ARM.Deploy.0 = Debug|ARM
		{795D7637-8B71-41A6-A5F6-31BF51CB6B32}.Debug|ARM64.ActiveCfg = Debug|ARM64
		{795D7637-8B71-41A6-A5F6-31BF51CB6B32}.Debug|ARM64.Build.0 = Debug|ARM64
		{795D7637-8B71-41A6-A5F6-31BF51CB6B32}.Debug|ARM64.Deploy.0 = Debug|ARM64
		{795D7637-8B71-41A6-A5F6-31BF51CB6B32}.Debug|x64.ActiveCfg = Debug|x64
		{795D7637-8B71-41A6-A5F6-31BF51CB6B32}.Debug|x64.Build.0 = Debug|x64
		{795D7637-8B71-41A6-A5F6-31BF51CB6B32}.Debug|x64.Deploy.0 = Debug|x64
		{795D7637-8B71-41A6-A5F6-31BF51CB6B32}.Debug|x86.ActiveCfg = Debug|x86
		{795D7637-8B71-41A6-A5F6-31BF51CB6B32}.Debug|x86.Build.0 = Debug|x86
		{795D7637-8B71-41A6-A5F6-31BF51CB6B32}.Debug|x86.Deploy.0 = Debug|x86
		{795D7637-8B71-41A6-A5F6-31BF51CB6B32}.Release|ARM.ActiveCfg = Release|ARM
		{795D7637-8B71-41A6-A5F6-31BF51CB6B32}.Release|ARM.Build.0 = Release|ARM
		{795D7637-8B71-41A6-A5F6-31BF51CB6B32}.Release|ARM.Deploy.0 = Release|ARM
		{795D7637-8B71-41A6-A5F6-31BF51CB6B32}.Release|ARM64.ActiveCfg = Release|ARM64
		{795D7637-8B71-41A6-A5F6-31BF51CB6B32}.Release|ARM64.Build.0 = Release|ARM64
		{795D7637-8B71-41A6-A5F6-31BF51CB6B32}.Release|ARM64.Deploy.0 = Release|ARM64
		{795D7637-8B71-41A6-A5F6-31BF51CB6B32}.Release|x64.ActiveCfg = Release|x64
		{795D7637-8B71-41A6-A5F6-31BF51CB6B32}.Release|x64.Build.0 = Release|x64
		{795D7637-8B71-41A6-A5F6-31BF51CB6B32}.Release|x64.Deploy.0 = Release|x64
		{795D7637-8B71-41A6-A5F6-31BF51CB6B32}.Release|x86.ActiveCfg = Release|x86
		{795D7637-8B71-41A6-A5F6-31BF51CB6B32}.Release|x86.Build.0 = Release|x86
		{795D7637-8B71-41A6-A5F6-31BF51CB6B32}.Release|x86.Deploy.0 = Release|x86
		{B0DC996D-E956-4DF8-B3CB-A3BA2B9747B9}.Debug|ARM.ActiveCfg = Debug|ARM
		{B0DC996D-E956-4DF8-B3CB-A3BA2B9747B9}.Debug|ARM.Build.0 = Debug|ARM
		{B0DC996D-E956-4DF8-B3CB-A3BA2B9747B9}.Debug|ARM.Deploy.0 = Debug|ARM
		{B0DC996D-E956-4DF8-B3CB-A3BA2B9747B9}.Debug|ARM64.ActiveCfg = Debug|x64
		{B0DC996D-E956-4DF8-B3CB-A3BA2B9747B9}.Debug|ARM64.Build.0 = Debug|x64
		{B0DC996D-E956-4DF8-B3CB-A3BA2B9747B9}.Debug|ARM64.Deploy.0 = Debug|x64
		{B0DC996D-E956-4DF8-B3CB-A3BA2B9747B9}.Debug|x64.ActiveCfg = Debug|x64
		{B0DC996D-E956-4DF8-B3CB-A3BA2B9747B9}.Debug|x64.Build.0 = Debug|x64
		{B0DC996D-E956-4DF8-B3CB-A3BA2B9747B9}.Debug|x64.Deploy.0 = Debug|x64
		{B0DC996D-E956-4DF8-B3CB-A3BA2B9747B9}.Debug|x86.ActiveCfg = Debug|x86
		{B0DC996D-E956-4DF8-B3CB-A3BA2B9747B9}.Debug|x86.Build.0 = Debug|x86
		{B0DC996D-E956-4DF8-B3CB-A3BA2B9747B9}.Debug|x86.Deploy.0 = Debug|x86
		{B0DC996D-E956-4DF8-B3CB-A3BA2B9747B9}.Release|ARM.ActiveCfg = Release|ARM
		{B0DC996D-E956-4DF8-B3CB-A3BA2B9747B9}.Release|ARM.Build.0 = Release|ARM
		{B0DC996D-E956-4DF8-B3CB-A3BA2B9747B9}.Release|ARM.Deploy.0 = Release|ARM
		{B0DC996D-E956-4DF8-B3CB-A3BA2B9747B9}.Release|ARM64.ActiveCfg = Release|x64
		{B0DC996D-E956-4DF8-B3CB-A3BA2B9747B9}.Release|ARM64.Build.0 = Release|x64
		{B0DC996D-E956-4DF8-B3CB-A3BA2B9747B9}.Release|ARM64.Deploy.0 = Release|x64
		{B0DC996D-E956-4DF8-B3CB-A3BA2B9747B9}.Release|x64.ActiveCfg = Release|x64
		{B0DC996D-E956-4DF8-B3CB-A3BA2B9747B9}.Release|x64.Build.0 = Release|x64
		{B0DC996D-E956-4DF8-B3CB-A3BA2B9747B9}.Release|x64.Deploy.0 = Release|x64
		{B0DC996D-E956-4DF8-B3CB-A3BA2B9747B9}.Release|x86.ActiveCfg = Release|x86
		{B0DC996D-E956-4DF8-B3CB-A3BA2B9747B9}.Release|x86.Build.0 = Release|x86
		{B0DC996D-E956-4DF8-B3CB-A3BA2B9747B9}.Release|x86.Deploy.0 = Release|x86
		{C8DB91FD-8A00-C1A9-A9F1-FB87800FB8F3}.Debug|ARM.ActiveCfg = Debug|Any CPU
		{C8DB91FD-8A00-C1A9-A9F1-FB87800FB8F3}.Debug|ARM.Build.0 = Debug|Any CPU
		{C8DB91FD-8A00-C1A9-A9F1-FB87800FB8F3}.Debug|ARM64.ActiveCfg = Debug|Any CPU
		{C8DB91FD-8A00-C1A9-A9F1-FB87800FB8F3}.Debug|ARM64.Build.0 = Debug|Any CPU
		{C8DB91FD-8A00-C1A9-A9F1-FB87800FB8F3}.Debug|x64.ActiveCfg = Debug|Any CPU
		{C8DB91FD-8A00-C1A9-A9F1-FB87800FB8F3}.Debug|x64.Build.0 = Debug|Any CPU
		{C8DB91FD-8A00-C1A9-A9F1-FB87800FB8F3}.Debug|x86.ActiveCfg = Debug|Any CPU
		{C8DB91FD-8A00-C1A9-A9F1-FB87800FB8F3}.Debug|x86.Build.0 = Debug|Any CPU
		{C8DB91FD-8A00-C1A9-A9F1-FB87800FB8F3}.Release|ARM.ActiveCfg = Release|Any CPU
		{C8DB91FD-8A00-C1A9-A9F1-FB87800FB8F3}.Release|ARM.Build.0 = Release|Any CPU
		{C8DB91FD-8A00-C1A9-A9F1-FB87800FB8F3}.Release|ARM64.ActiveCfg = Release|Any CPU
		{C8DB91FD-8A00-C1A9-A9F1-FB87800FB8F3}.Release|ARM64.Build.0 = Release|Any CPU
		{C8DB91FD-8A00-C1A9-A9F1-FB87800FB8F3}.Release|x64.ActiveCfg = Release|Any CPU
		{C8DB91FD-8A00-C1A9-A9F1-FB87800FB8F3}.Release|x64.Build.0 = Release|Any CPU
		{C8DB91FD-8A00-C1A9-A9F1-FB87800FB8F3}.Release|x86.ActiveCfg = Release|Any CPU
		{C8DB91FD-8A00-C1A9-A9F1-FB87800FB8F3}.Release|x86.Build.0 = Release|Any CPU
	EndGlobalSection
	GlobalSection(SolutionProperties) = preSolution
		HideSolutionNode = FALSE
	EndGlobalSection
	GlobalSection(ExtensibilityGlobals) = postSolution
		SolutionGuid = {38C48000-CE0A-4461-97D4-A7A2113D57A3}
	EndGlobalSection
EndGlobal
